
Microsoft Visual Studio Solution File, Format Version 12.00
# Visual Studio 15
Project("{FAE04EC0-301F-11D3-BF4B-00C04F79EFBC}") = "Assembly-CSharp", "Assembly-CSharp.csproj", "{3D394C90-E031-D3F3-435A-64D22C33FAE5}"
EndProject
Project("{FAE04EC0-301F-11D3-BF4B-00C04F79EFBC}") = "Assembly-CSharp-Editor", "Assembly-CSharp-Editor.csproj", "{42EBA67F-5A91-1A0B-DDFC-4087F34EF817}"
EndProject
Global
	GlobalSection(SolutionConfigurationPlatforms) = preSolution
		Debug|Any CPU = Debug|Any CPU
		Release|Any CPU = Release|Any CPU
	EndGlobalSection
	GlobalSection(ProjectConfigurationPlatforms) = postSolution
		{3D394C90-E031-D3F3-435A-64D22C33FAE5}.Debug|Any CPU.ActiveCfg = Debug|Any CPU
		{3D394C90-E031-D3F3-435A-64D22C33FAE5}.Debug|Any CPU.Build.0 = Debug|Any CPU
		{3D394C90-E031-D3F3-435A-64D22C33FAE5}.Release|Any CPU.ActiveCfg = Release|Any CPU
		{3D394C90-E031-D3F3-435A-64D22C33FAE5}.Release|Any CPU.Build.0 = Release|Any CPU
		{42EBA67F-5A91-1A0B-DDFC-4087F34EF817}.Debug|Any CPU.ActiveCfg = Debug|Any CPU
		{42EBA67F-5A91-1A0B-DDFC-4087F34EF817}.Debug|Any CPU.Build.0 = Debug|Any CPU
		{42EBA67F-5A91-1A0B-DDFC-4087F34EF817}.Release|Any CPU.ActiveCfg = Release|Any CPU
		{42EBA67F-5A91-1A0B-DDFC-4087F34EF817}.Release|Any CPU.Build.0 = Release|Any CPU
	EndGlobalSection
	GlobalSection(SolutionProperties) = preSolution
		HideSolutionNode = FALSE
	EndGlobalSection
EndGlobal
